
Microsoft Visual Studio Solution File, Format Version 12.00
# Visual Studio Version 16
VisualStudioVersion = 16.0.29306.81
MinimumVisualStudioVersion = 10.0.40219.1
Project("{FAE04EC0-301F-11D3-BF4B-00C04F79EFBC}") = "Analytics", "Analytics\Analytics.csproj", "{502AE589-D30F-4382-AF12-ACB71BF8172D}"
EndProject
Global
	GlobalSection(SolutionConfigurationPlatforms) = preSolution
		Debug|Any CPU = Debug|Any CPU
		Release|Any CPU = Release|Any CPU
	EndGlobalSection
	GlobalSection(ProjectConfigurationPlatforms) = postSolution
		{502AE589-D30F-4382-AF12-ACB71BF8172D}.Debug|Any CPU.ActiveCfg = Debug|Any CPU
		{502AE589-D30F-4382-AF12-ACB71BF8172D}.Debug|Any CPU.Build.0 = Debug|Any CPU
		{502AE589-D30F-4382-AF12-ACB71BF8172D}.Release|Any CPU.ActiveCfg = Release|Any CPU
		{502AE589-D30F-4382-AF12-ACB71BF8172D}.Release|Any CPU.Build.0 = Release|Any CPU
	EndGlobalSection
	GlobalSection(SolutionProperties) = preSolution
		HideSolutionNode = FALSE
	EndGlobalSection
	GlobalSection(ExtensibilityGlobals) = postSolution
		SolutionGuid = {8083A83E-E106-48CE-A374-706435372AD6}
	EndGlobalSection
EndGlobal
